
Microsoft Visual Studio Solution File, Format Version 12.00
# Visual Studio Version 16
VisualStudioVersion = 16.0.31229.75
MinimumVisualStudioVersion = 10.0.40219.1
Project("{FAE04EC0-301F-11D3-BF4B-00C04F79EFBC}") = "Assignment", "Assignment\Assignment.csproj", "{10BAF8DF-84DE-4CCC-BF4C-1E4C9E86FE77}"
EndProject
Global
	GlobalSection(SolutionConfigurationPlatforms) = preSolution
		Debug|Any CPU = Debug|Any CPU
		Release|Any CPU = Release|Any CPU
	EndGlobalSection
	GlobalSection(ProjectConfigurationPlatforms) = postSolution
		{10BAF8DF-84DE-4CCC-BF4C-1E4C9E86FE77}.Debug|Any CPU.ActiveCfg = Debug|Any CPU
		{10BAF8DF-84DE-4CCC-BF4C-1E4C9E86FE77}.Debug|Any CPU.Build.0 = Debug|Any CPU
		{10BAF8DF-84DE-4CCC-BF4C-1E4C9E86FE77}.Release|Any CPU.ActiveCfg = Release|Any CPU
		{10BAF8DF-84DE-4CCC-BF4C-1E4C9E86FE77}.Release|Any CPU.Build.0 = Release|Any CPU
	EndGlobalSection
	GlobalSection(SolutionProperties) = preSolution
		HideSolutionNode = FALSE
	EndGlobalSection
	GlobalSection(ExtensibilityGlobals) = postSolution
		SolutionGuid = {749AFDB2-F912-49D3-A2CA-8C37AA28A2E1}
	EndGlobalSection
EndGlobal
